
Microsoft Visual Studio Solution File, Format Version 9.00
# Visual Studio 2005
Project("{8BC9CEB8-8B4A-11D0-8D11-00A0C91BC942}") = "MillingTimeCalculator", "MillingTimeCalculator\MillingTimeCalculator.vcproj", "{15C4C5D4-7457-4ABA-BD00-69797302706C}"
EndProject
Global
	GlobalSection(SolutionConfigurationPlatforms) = preSolution
		Debug|Win32 = Debug|Win32
		Release|Win32 = Release|Win32
	EndGlobalSection
	GlobalSection(ProjectConfigurationPlatforms) = postSolution
		{15C4C5D4-7457-4ABA-BD00-69797302706C}.Debug|Win32.ActiveCfg = Debug|Win32
		{15C4C5D4-7457-4ABA-BD00-69797302706C}.Debug|Win32.Build.0 = Debug|Win32
		{15C4C5D4-7457-4ABA-BD00-69797302706C}.Release|Win32.ActiveCfg = Release|Win32
		{15C4C5D4-7457-4ABA-BD00-69797302706C}.Release|Win32.Build.0 = Release|Win32
	EndGlobalSection
	GlobalSection(SolutionProperties) = preSolution
		HideSolutionNode = FALSE
	EndGlobalSection
EndGlobal
