
Microsoft Visual Studio Solution File, Format Version 9.00
# Visual Studio 2005
Project("{8BC9CEB8-8B4A-11D0-8D11-00A0C91BC942}") = "MPICH2Test2", "MPICH2Test2.vcproj", "{A7EF1B88-3EEC-444E-926E-85BB1CCD1316}"
EndProject
Global
	GlobalSection(SolutionConfigurationPlatforms) = preSolution
		Debug|Win32 = Debug|Win32
		Release|Win32 = Release|Win32
	EndGlobalSection
	GlobalSection(ProjectConfigurationPlatforms) = postSolution
		{A7EF1B88-3EEC-444E-926E-85BB1CCD1316}.Debug|Win32.ActiveCfg = Debug|Win32
		{A7EF1B88-3EEC-444E-926E-85BB1CCD1316}.Debug|Win32.Build.0 = Debug|Win32
		{A7EF1B88-3EEC-444E-926E-85BB1CCD1316}.Release|Win32.ActiveCfg = Release|Win32
		{A7EF1B88-3EEC-444E-926E-85BB1CCD1316}.Release|Win32.Build.0 = Release|Win32
	EndGlobalSection
	GlobalSection(SolutionProperties) = preSolution
		HideSolutionNode = FALSE
	EndGlobalSection
EndGlobal
